// !$*UTF8*$!
{
	archiveVersion = 1;
	classes = {
	};
	objectVersion = 50;
	objects = {

/* Begin PBXBuildFile section */
		C7733EC32426B427006C863E /* AppDelegate.swift in Sources */ = {isa = PBXBuildFile; fileRef = C7733EC22426B427006C863E /* AppDelegate.swift */; };
		C7733EC52426B427006C863E /* SceneDelegate.swift in Sources */ = {isa = PBXBuildFile; fileRef = C7733EC42426B427006C863E /* SceneDelegate.swift */; };
		C7733EC72426B427006C863E /* ContentView.swift in Sources */ = {isa = PBXBuildFile; fileRef = C7733EC62426B427006C863E /* ContentView.swift */; };
		C7733EC92426B42D006C863E /* Assets.xcassets in Resources */ = {isa = PBXBuildFile; fileRef = C7733EC82426B42D006C863E /* Assets.xcassets */; };
		C7733ECC2426B42D006C863E /* Preview Assets.xcassets in Resources */ = {isa = PBXBuildFile; fileRef = C7733ECB2426B42D006C863E /* Preview Assets.xcassets */; };
		C7733ECF2426B42D006C863E /* LaunchScreen.storyboard in Resources */ = {isa = PBXBuildFile; fileRef = C7733ECD2426B42D006C863E /* LaunchScreen.storyboard */; };
		C7733EDA2426B42D006C863E /* CoVoDTests.swift in Sources */ = {isa = PBXBuildFile; fileRef = C7733ED92426B42D006C863E /* CoVoDTests.swift */; };
		C7733EE52426B42E006C863E /* CoVoDUITests.swift in Sources */ = {isa = PBXBuildFile; fileRef = C7733EE42426B42E006C863E /* CoVoDUITests.swift */; };
		C7C3F1C62426BA6500787E98 /* Course.swift in Sources */ = {isa = PBXBuildFile; fileRef = C7C3F1C52426BA6500787E98 /* Course.swift */; };
		C7C3F1C82426BADE00787E98 /* Lecture.swift in Sources */ = {isa = PBXBuildFile; fileRef = C7C3F1C72426BADE00787E98 /* Lecture.swift */; };
		C7FDA7452426D82C0055AE84 /* CoursesView.swift in Sources */ = {isa = PBXBuildFile; fileRef = C7FDA7442426D82B0055AE84 /* CoursesView.swift */; };
		C7FDA7472426DA150055AE84 /* LecturesView.swift in Sources */ = {isa = PBXBuildFile; fileRef = C7FDA7462426DA150055AE84 /* LecturesView.swift */; };
		C7FDA7492426DB500055AE84 /* ListCard.swift in Sources */ = {isa = PBXBuildFile; fileRef = C7FDA7482426DB500055AE84 /* ListCard.swift */; };
		C7FDA74B2426E2B60055AE84 /* SettingsView.swift in Sources */ = {isa = PBXBuildFile; fileRef = C7FDA74A2426E2B60055AE84 /* SettingsView.swift */; };
		C7FDA74D2426E3280055AE84 /* Login.swift in Sources */ = {isa = PBXBuildFile; fileRef = C7FDA74C2426E3280055AE84 /* Login.swift */; };
		C7FDA74F2426E6680055AE84 /* LoginView.swift in Sources */ = {isa = PBXBuildFile; fileRef = C7FDA74E2426E6680055AE84 /* LoginView.swift */; };
		C7FDA7512426EE550055AE84 /* Feed.swift in Sources */ = {isa = PBXBuildFile; fileRef = C7FDA7502426EE550055AE84 /* Feed.swift */; };
		C7FDA7532426F62D0055AE84 /* LoginError.swift in Sources */ = {isa = PBXBuildFile; fileRef = C7FDA7522426F62D0055AE84 /* LoginError.swift */; };
/* End PBXBuildFile section */

/* Begin PBXContainerItemProxy section */
		C7733ED62426B42D006C863E /* PBXContainerItemProxy */ = {
			isa = PBXContainerItemProxy;
			containerPortal = C7733EB72426B427006C863E /* Project object */;
			proxyType = 1;
			remoteGlobalIDString = C7733EBE2426B427006C863E;
			remoteInfo = CoVoD;
		};
		C7733EE12426B42E006C863E /* PBXContainerItemProxy */ = {
			isa = PBXContainerItemProxy;
			containerPortal = C7733EB72426B427006C863E /* Project object */;
			proxyType = 1;
			remoteGlobalIDString = C7733EBE2426B427006C863E;
			remoteInfo = CoVoD;
		};
/* End PBXContainerItemProxy section */

/* Begin PBXFileReference section */
		C7733EBF2426B427006C863E /* CoVoD.app */ = {isa = PBXFileReference; explicitFileType = wrapper.application; includeInIndex = 0; path = CoVoD.app; sourceTree = BUILT_PRODUCTS_DIR; };
		C7733EC22426B427006C863E /* AppDelegate.swift */ = {isa = PBXFileReference; lastKnownFileType = sourcecode.swift; path = AppDelegate.swift; sourceTree = "<group>"; };
		C7733EC42426B427006C863E /* SceneDelegate.swift */ = {isa = PBXFileReference; lastKnownFileType = sourcecode.swift; path = SceneDelegate.swift; sourceTree = "<group>"; };
		C7733EC62426B427006C863E /* ContentView.swift */ = {isa = PBXFileReference; lastKnownFileType = sourcecode.swift; path = ContentView.swift; sourceTree = "<group>"; };
		C7733EC82426B42D006C863E /* Assets.xcassets */ = {isa = PBXFileReference; lastKnownFileType = folder.assetcatalog; path = Assets.xcassets; sourceTree = "<group>"; };
		C7733ECB2426B42D006C863E /* Preview Assets.xcassets */ = {isa = PBXFileReference; lastKnownFileType = folder.assetcatalog; path = "Preview Assets.xcassets"; sourceTree = "<group>"; };
		C7733ECE2426B42D006C863E /* Base */ = {isa = PBXFileReference; lastKnownFileType = file.storyboard; name = Base; path = Base.lproj/LaunchScreen.storyboard; sourceTree = "<group>"; };
		C7733ED02426B42D006C863E /* Info.plist */ = {isa = PBXFileReference; lastKnownFileType = text.plist.xml; path = Info.plist; sourceTree = "<group>"; };
		C7733ED52426B42D006C863E /* CoVoDTests.xctest */ = {isa = PBXFileReference; explicitFileType = wrapper.cfbundle; includeInIndex = 0; path = CoVoDTests.xctest; sourceTree = BUILT_PRODUCTS_DIR; };
		C7733ED92426B42D006C863E /* CoVoDTests.swift */ = {isa = PBXFileReference; lastKnownFileType = sourcecode.swift; path = CoVoDTests.swift; sourceTree = "<group>"; };
		C7733EDB2426B42D006C863E /* Info.plist */ = {isa = PBXFileReference; lastKnownFileType = text.plist.xml; path = Info.plist; sourceTree = "<group>"; };
		C7733EE02426B42E006C863E /* CoVoDUITests.xctest */ = {isa = PBXFileReference; explicitFileType = wrapper.cfbundle; includeInIndex = 0; path = CoVoDUITests.xctest; sourceTree = BUILT_PRODUCTS_DIR; };
		C7733EE42426B42E006C863E /* CoVoDUITests.swift */ = {isa = PBXFileReference; lastKnownFileType = sourcecode.swift; path = CoVoDUITests.swift; sourceTree = "<group>"; };
		C7733EE62426B42E006C863E /* Info.plist */ = {isa = PBXFileReference; lastKnownFileType = text.plist.xml; path = Info.plist; sourceTree = "<group>"; };
		C7C3F1C52426BA6500787E98 /* Course.swift */ = {isa = PBXFileReference; lastKnownFileType = sourcecode.swift; path = Course.swift; sourceTree = "<group>"; };
		C7C3F1C72426BADE00787E98 /* Lecture.swift */ = {isa = PBXFileReference; lastKnownFileType = sourcecode.swift; path = Lecture.swift; sourceTree = "<group>"; };
		C7FDA7442426D82B0055AE84 /* CoursesView.swift */ = {isa = PBXFileReference; lastKnownFileType = sourcecode.swift; path = CoursesView.swift; sourceTree = "<group>"; };
		C7FDA7462426DA150055AE84 /* LecturesView.swift */ = {isa = PBXFileReference; lastKnownFileType = sourcecode.swift; path = LecturesView.swift; sourceTree = "<group>"; };
		C7FDA7482426DB500055AE84 /* ListCard.swift */ = {isa = PBXFileReference; lastKnownFileType = sourcecode.swift; path = ListCard.swift; sourceTree = "<group>"; };
		C7FDA74A2426E2B60055AE84 /* SettingsView.swift */ = {isa = PBXFileReference; lastKnownFileType = sourcecode.swift; path = SettingsView.swift; sourceTree = "<group>"; };
		C7FDA74C2426E3280055AE84 /* Login.swift */ = {isa = PBXFileReference; lastKnownFileType = sourcecode.swift; path = Login.swift; sourceTree = "<group>"; };
		C7FDA74E2426E6680055AE84 /* LoginView.swift */ = {isa = PBXFileReference; lastKnownFileType = sourcecode.swift; path = LoginView.swift; sourceTree = "<group>"; };
		C7FDA7502426EE550055AE84 /* Feed.swift */ = {isa = PBXFileReference; lastKnownFileType = sourcecode.swift; path = Feed.swift; sourceTree = "<group>"; };
		C7FDA7522426F62D0055AE84 /* LoginError.swift */ = {isa = PBXFileReference; lastKnownFileType = sourcecode.swift; path = LoginError.swift; sourceTree = "<group>"; };
/* End PBXFileReference section */

/* Begin PBXFrameworksBuildPhase section */
		C7733EBC2426B427006C863E /* Frameworks */ = {
			isa = PBXFrameworksBuildPhase;
			buildActionMask = 2147483647;
			files = (
			);
			runOnlyForDeploymentPostprocessing = 0;
		};
		C7733ED22426B42D006C863E /* Frameworks */ = {
			isa = PBXFrameworksBuildPhase;
			buildActionMask = 2147483647;
			files = (
			);
			runOnlyForDeploymentPostprocessing = 0;
		};
		C7733EDD2426B42E006C863E /* Frameworks */ = {
			isa = PBXFrameworksBuildPhase;
			buildActionMask = 2147483647;
			files = (
			);
			runOnlyForDeploymentPostprocessing = 0;
		};
/* End PBXFrameworksBuildPhase section */

/* Begin PBXGroup section */
		C7733EB62426B427006C863E = {
			isa = PBXGroup;
			children = (
				C7733EC12426B427006C863E /* CoVoD */,
				C7733ED82426B42D006C863E /* CoVoDTests */,
				C7733EE32426B42E006C863E /* CoVoDUITests */,
				C7733EC02426B427006C863E /* Products */,
			);
			sourceTree = "<group>";
		};
		C7733EC02426B427006C863E /* Products */ = {
			isa = PBXGroup;
			children = (
				C7733EBF2426B427006C863E /* CoVoD.app */,
				C7733ED52426B42D006C863E /* CoVoDTests.xctest */,
				C7733EE02426B42E006C863E /* CoVoDUITests.xctest */,
			);
			name = Products;
			sourceTree = "<group>";
		};
		C7733EC12426B427006C863E /* CoVoD */ = {
			isa = PBXGroup;
			children = (
				C7C3F1C42426B73900787E98 /* Model */,
				C7733EC22426B427006C863E /* AppDelegate.swift */,
				C7733EC42426B427006C863E /* SceneDelegate.swift */,
				C7733EC62426B427006C863E /* ContentView.swift */,
				C7FDA7442426D82B0055AE84 /* CoursesView.swift */,
				C7FDA7462426DA150055AE84 /* LecturesView.swift */,
				C7FDA7482426DB500055AE84 /* ListCard.swift */,
				C7FDA74A2426E2B60055AE84 /* SettingsView.swift */,
				C7FDA7522426F62D0055AE84 /* LoginError.swift */,
				C7FDA74E2426E6680055AE84 /* LoginView.swift */,
				C7733EC82426B42D006C863E /* Assets.xcassets */,
				C7733ECD2426B42D006C863E /* LaunchScreen.storyboard */,
				C7733ED02426B42D006C863E /* Info.plist */,
				C7733ECA2426B42D006C863E /* Preview Content */,
			);
			path = CoVoD;
			sourceTree = "<group>";
		};
		C7733ECA2426B42D006C863E /* Preview Content */ = {
			isa = PBXGroup;
			children = (
				C7733ECB2426B42D006C863E /* Preview Assets.xcassets */,
			);
			path = "Preview Content";
			sourceTree = "<group>";
		};
		C7733ED82426B42D006C863E /* CoVoDTests */ = {
			isa = PBXGroup;
			children = (
				C7733ED92426B42D006C863E /* CoVoDTests.swift */,
				C7733EDB2426B42D006C863E /* Info.plist */,
			);
			path = CoVoDTests;
			sourceTree = "<group>";
		};
		C7733EE32426B42E006C863E /* CoVoDUITests */ = {
			isa = PBXGroup;
			children = (
				C7733EE42426B42E006C863E /* CoVoDUITests.swift */,
				C7733EE62426B42E006C863E /* Info.plist */,
			);
			path = CoVoDUITests;
			sourceTree = "<group>";
		};
		C7C3F1C42426B73900787E98 /* Model */ = {
			isa = PBXGroup;
			children = (
				C7C3F1C52426BA6500787E98 /* Course.swift */,
				C7C3F1C72426BADE00787E98 /* Lecture.swift */,
				C7FDA74C2426E3280055AE84 /* Login.swift */,
				C7FDA7502426EE550055AE84 /* Feed.swift */,
			);
			path = Model;
			sourceTree = "<group>";
		};
/* End PBXGroup section */

/* Begin PBXNativeTarget section */
		C7733EBE2426B427006C863E /* CoVoD */ = {
			isa = PBXNativeTarget;
			buildConfigurationList = C7733EE92426B42E006C863E /* Build configuration list for PBXNativeTarget "CoVoD" */;
			buildPhases = (
				C7733EBB2426B427006C863E /* Sources */,
				C7733EBC2426B427006C863E /* Frameworks */,
				C7733EBD2426B427006C863E /* Resources */,
			);
			buildRules = (
			);
			dependencies = (
			);
			name = CoVoD;
			productName = CoVoD;
			productReference = C7733EBF2426B427006C863E /* CoVoD.app */;
			productType = "com.apple.product-type.application";
		};
		C7733ED42426B42D006C863E /* CoVoDTests */ = {
			isa = PBXNativeTarget;
			buildConfigurationList = C7733EEC2426B42E006C863E /* Build configuration list for PBXNativeTarget "CoVoDTests" */;
			buildPhases = (
				C7733ED12426B42D006C863E /* Sources */,
				C7733ED22426B42D006C863E /* Frameworks */,
				C7733ED32426B42D006C863E /* Resources */,
			);
			buildRules = (
			);
			dependencies = (
				C7733ED72426B42D006C863E /* PBXTargetDependency */,
			);
			name = CoVoDTests;
			productName = CoVoDTests;
			productReference = C7733ED52426B42D006C863E /* CoVoDTests.xctest */;
			productType = "com.apple.product-type.bundle.unit-test";
		};
		C7733EDF2426B42E006C863E /* CoVoDUITests */ = {
			isa = PBXNativeTarget;
			buildConfigurationList = C7733EEF2426B42E006C863E /* Build configuration list for PBXNativeTarget "CoVoDUITests" */;
			buildPhases = (
				C7733EDC2426B42E006C863E /* Sources */,
				C7733EDD2426B42E006C863E /* Frameworks */,
				C7733EDE2426B42E006C863E /* Resources */,
			);
			buildRules = (
			);
			dependencies = (
				C7733EE22426B42E006C863E /* PBXTargetDependency */,
			);
			name = CoVoDUITests;
			productName = CoVoDUITests;
			productReference = C7733EE02426B42E006C863E /* CoVoDUITests.xctest */;
			productType = "com.apple.product-type.bundle.ui-testing";
		};
/* End PBXNativeTarget section */

/* Begin PBXProject section */
		C7733EB72426B427006C863E /* Project object */ = {
			isa = PBXProject;
			attributes = {
				LastSwiftUpdateCheck = 1130;
				LastUpgradeCheck = 1130;
				ORGANIZATIONNAME = Fredrik;
				TargetAttributes = {
					C7733EBE2426B427006C863E = {
						CreatedOnToolsVersion = 11.3.1;
					};
					C7733ED42426B42D006C863E = {
						CreatedOnToolsVersion = 11.3.1;
						TestTargetID = C7733EBE2426B427006C863E;
					};
					C7733EDF2426B42E006C863E = {
						CreatedOnToolsVersion = 11.3.1;
						TestTargetID = C7733EBE2426B427006C863E;
					};
				};
			};
			buildConfigurationList = C7733EBA2426B427006C863E /* Build configuration list for PBXProject "CoVoD" */;
			compatibilityVersion = "Xcode 9.3";
			developmentRegion = en;
			hasScannedForEncodings = 0;
			knownRegions = (
				en,
				Base,
			);
			mainGroup = C7733EB62426B427006C863E;
			productRefGroup = C7733EC02426B427006C863E /* Products */;
			projectDirPath = "";
			projectRoot = "";
			targets = (
				C7733EBE2426B427006C863E /* CoVoD */,
				C7733ED42426B42D006C863E /* CoVoDTests */,
				C7733EDF2426B42E006C863E /* CoVoDUITests */,
			);
		};
/* End PBXProject section */

/* Begin PBXResourcesBuildPhase section */
		C7733EBD2426B427006C863E /* Resources */ = {
			isa = PBXResourcesBuildPhase;
			buildActionMask = 2147483647;
			files = (
				C7733ECF2426B42D006C863E /* LaunchScreen.storyboard in Resources */,
				C7733ECC2426B42D006C863E /* Preview Assets.xcassets in Resources */,
				C7733EC92426B42D006C863E /* Assets.xcassets in Resources */,
			);
			runOnlyForDeploymentPostprocessing = 0;
		};
		C7733ED32426B42D006C863E /* Resources */ = {
			isa = PBXResourcesBuildPhase;
			buildActionMask = 2147483647;
			files = (
			);
			runOnlyForDeploymentPostprocessing = 0;
		};
		C7733EDE2426B42E006C863E /* Resources */ = {
			isa = PBXResourcesBuildPhase;
			buildActionMask = 2147483647;
			files = (
			);
			runOnlyForDeploymentPostprocessing = 0;
		};
/* End PBXResourcesBuildPhase section */

/* Begin PBXSourcesBuildPhase section */
		C7733EBB2426B427006C863E /* Sources */ = {
			isa = PBXSourcesBuildPhase;
			buildActionMask = 2147483647;
			files = (
				C7C3F1C62426BA6500787E98 /* Course.swift in Sources */,
				C7FDA7512426EE550055AE84 /* Feed.swift in Sources */,
				C7FDA7532426F62D0055AE84 /* LoginError.swift in Sources */,
				C7FDA74D2426E3280055AE84 /* Login.swift in Sources */,
				C7733EC32426B427006C863E /* AppDelegate.swift in Sources */,
				C7733EC52426B427006C863E /* SceneDelegate.swift in Sources */,
				C7FDA74B2426E2B60055AE84 /* SettingsView.swift in Sources */,
				C7733EC72426B427006C863E /* ContentView.swift in Sources */,
				C7C3F1C82426BADE00787E98 /* Lecture.swift in Sources */,
				C7FDA7472426DA150055AE84 /* LecturesView.swift in Sources */,
				C7FDA74F2426E6680055AE84 /* LoginView.swift in Sources */,
				C7FDA7452426D82C0055AE84 /* CoursesView.swift in Sources */,
				C7FDA7492426DB500055AE84 /* ListCard.swift in Sources */,
			);
			runOnlyForDeploymentPostprocessing = 0;
		};
		C7733ED12426B42D006C863E /* Sources */ = {
			isa = PBXSourcesBuildPhase;
			buildActionMask = 2147483647;
			files = (
				C7733EDA2426B42D006C863E /* CoVoDTests.swift in Sources */,
			);
			runOnlyForDeploymentPostprocessing = 0;
		};
		C7733EDC2426B42E006C863E /* Sources */ = {
			isa = PBXSourcesBuildPhase;
			buildActionMask = 2147483647;
			files = (
				C7733EE52426B42E006C863E /* CoVoDUITests.swift in Sources */,
			);
			runOnlyForDeploymentPostprocessing = 0;
		};
/* End PBXSourcesBuildPhase section */

/* Begin PBXTargetDependency section */
		C7733ED72426B42D006C863E /* PBXTargetDependency */ = {
			isa = PBXTargetDependency;
			target = C7733EBE2426B427006C863E /* CoVoD */;
			targetProxy = C7733ED62426B42D006C863E /* PBXContainerItemProxy */;
		};
		C7733EE22426B42E006C863E /* PBXTargetDependency */ = {
			isa = PBXTargetDependency;
			target = C7733EBE2426B427006C863E /* CoVoD */;
			targetProxy = C7733EE12426B42E006C863E /* PBXContainerItemProxy */;
		};
/* End PBXTargetDependency section */

/* Begin PBXVariantGroup section */
		C7733ECD2426B42D006C863E /* LaunchScreen.storyboard */ = {
			isa = PBXVariantGroup;
			children = (
				C7733ECE2426B42D006C863E /* Base */,
			);
			name = LaunchScreen.storyboard;
			sourceTree = "<group>";
		};
/* End PBXVariantGroup section */

/* Begin XCBuildConfiguration section */
		C7733EE72426B42E006C863E /* Debug */ = {
			isa = XCBuildConfiguration;
			buildSettings = {
				ALWAYS_SEARCH_USER_PATHS = NO;
				CLANG_ANALYZER_NONNULL = YES;
				CLANG_ANALYZER_NUMBER_OBJECT_CONVERSION = YES_AGGRESSIVE;
				CLANG_CXX_LANGUAGE_STANDARD = "gnu++14";
				CLANG_CXX_LIBRARY = "libc++";
				CLANG_ENABLE_MODULES = YES;
				CLANG_ENABLE_OBJC_ARC = YES;
				CLANG_ENABLE_OBJC_WEAK = YES;
				CLANG_WARN_BLOCK_CAPTURE_AUTORELEASING = YES;
				CLANG_WARN_BOOL_CONVERSION = YES;
				CLANG_WARN_COMMA = YES;
				CLANG_WARN_CONSTANT_CONVERSION = YES;
				CLANG_WARN_DEPRECATED_OBJC_IMPLEMENTATIONS = YES;
				CLANG_WARN_DIRECT_OBJC_ISA_USAGE = YES_ERROR;
				CLANG_WARN_DOCUMENTATION_COMMENTS = YES;
				CLANG_WARN_EMPTY_BODY = YES;
				CLANG_WARN_ENUM_CONVERSION = YES;
				CLANG_WARN_INFINITE_RECURSION = YES;
				CLANG_WARN_INT_CONVERSION = YES;
				CLANG_WARN_NON_LITERAL_NULL_CONVERSION = YES;
				CLANG_WARN_OBJC_IMPLICIT_RETAIN_SELF = YES;
				CLANG_WARN_OBJC_LITERAL_CONVERSION = YES;
				CLANG_WARN_OBJC_ROOT_CLASS = YES_ERROR;
				CLANG_WARN_RANGE_LOOP_ANALYSIS = YES;
				CLANG_WARN_STRICT_PROTOTYPES = YES;
				CLANG_WARN_SUSPICIOUS_MOVE = YES;
				CLANG_WARN_UNGUARDED_AVAILABILITY = YES_AGGRESSIVE;
				CLANG_WARN_UNREACHABLE_CODE = YES;
				CLANG_WARN__DUPLICATE_METHOD_MATCH = YES;
				COPY_PHASE_STRIP = NO;
				DEBUG_INFORMATION_FORMAT = dwarf;
				ENABLE_STRICT_OBJC_MSGSEND = YES;
				ENABLE_TESTABILITY = YES;
				GCC_C_LANGUAGE_STANDARD = gnu11;
				GCC_DYNAMIC_NO_PIC = NO;
				GCC_NO_COMMON_BLOCKS = YES;
				GCC_OPTIMIZATION_LEVEL = 0;
				GCC_PREPROCESSOR_DEFINITIONS = (
					"DEBUG=1",
					"$(inherited)",
				);
				GCC_WARN_64_TO_32_BIT_CONVERSION = YES;
				GCC_WARN_ABOUT_RETURN_TYPE = YES_ERROR;
				GCC_WARN_UNDECLARED_SELECTOR = YES;
				GCC_WARN_UNINITIALIZED_AUTOS = YES_AGGRESSIVE;
				GCC_WARN_UNUSED_FUNCTION = YES;
				GCC_WARN_UNUSED_VARIABLE = YES;
				IPHONEOS_DEPLOYMENT_TARGET = 13.2;
				MTL_ENABLE_DEBUG_INFO = INCLUDE_SOURCE;
				MTL_FAST_MATH = YES;
				ONLY_ACTIVE_ARCH = YES;
				SDKROOT = iphoneos;
				SWIFT_ACTIVE_COMPILATION_CONDITIONS = DEBUG;
				SWIFT_OPTIMIZATION_LEVEL = "-Onone";
			};
			name = Debug;
		};
		C7733EE82426B42E006C863E /* Release */ = {
			isa = XCBuildConfiguration;
			buildSettings = {
				ALWAYS_SEARCH_USER_PATHS = NO;
				CLANG_ANALYZER_NONNULL = YES;
				CLANG_ANALYZER_NUMBER_OBJECT_CONVERSION = YES_AGGRESSIVE;
				CLANG_CXX_LANGUAGE_STANDARD = "gnu++14";
				CLANG_CXX_LIBRARY = "libc++";
				CLANG_ENABLE_MODULES = YES;
				CLANG_ENABLE_OBJC_ARC = YES;
				CLANG_ENABLE_OBJC_WEAK = YES;
				CLANG_WARN_BLOCK_CAPTURE_AUTORELEASING = YES;
				CLANG_WARN_BOOL_CONVERSION = YES;
				CLANG_WARN_COMMA = YES;
				CLANG_WARN_CONSTANT_CONVERSION = YES;
				CLANG_WARN_DEPRECATED_OBJC_IMPLEMENTATIONS = YES;
				CLANG_WARN_DIRECT_OBJC_ISA_USAGE = YES_ERROR;
				CLANG_WARN_DOCUMENTATION_COMMENTS = YES;
				CLANG_WARN_EMPTY_BODY = YES;
				CLANG_WARN_ENUM_CONVERSION = YES;
				CLANG_WARN_INFINITE_RECURSION = YES;
				CLANG_WARN_INT_CONVERSION = YES;
				CLANG_WARN_NON_LITERAL_NULL_CONVERSION = YES;
				CLANG_WARN_OBJC_IMPLICIT_RETAIN_SELF = YES;
				CLANG_WARN_OBJC_LITERAL_CONVERSION = YES;
				CLANG_WARN_OBJC_ROOT_CLASS = YES_ERROR;
				CLANG_WARN_RANGE_LOOP_ANALYSIS = YES;
				CLANG_WARN_STRICT_PROTOTYPES = YES;
				CLANG_WARN_SUSPICIOUS_MOVE = YES;
				CLANG_WARN_UNGUARDED_AVAILABILITY = YES_AGGRESSIVE;
				CLANG_WARN_UNREACHABLE_CODE = YES;
				CLANG_WARN__DUPLICATE_METHOD_MATCH = YES;
				COPY_PHASE_STRIP = NO;
				DEBUG_INFORMATION_FORMAT = "dwarf-with-dsym";
				ENABLE_NS_ASSERTIONS = NO;
				ENABLE_STRICT_OBJC_MSGSEND = YES;
				GCC_C_LANGUAGE_STANDARD = gnu11;
				GCC_NO_COMMON_BLOCKS = YES;
				GCC_WARN_64_TO_32_BIT_CONVERSION = YES;
				GCC_WARN_ABOUT_RETURN_TYPE = YES_ERROR;
				GCC_WARN_UNDECLARED_SELECTOR = YES;
				GCC_WARN_UNINITIALIZED_AUTOS = YES_AGGRESSIVE;
				GCC_WARN_UNUSED_FUNCTION = YES;
				GCC_WARN_UNUSED_VARIABLE = YES;
				IPHONEOS_DEPLOYMENT_TARGET = 13.2;
				MTL_ENABLE_DEBUG_INFO = NO;
				MTL_FAST_MATH = YES;
				SDKROOT = iphoneos;
				SWIFT_COMPILATION_MODE = wholemodule;
				SWIFT_OPTIMIZATION_LEVEL = "-O";
				VALIDATE_PRODUCT = YES;
			};
			name = Release;
		};
		C7733EEA2426B42E006C863E /* Debug */ = {
			isa = XCBuildConfiguration;
			buildSettings = {
				ASSETCATALOG_COMPILER_APPICON_NAME = AppIcon;
				CODE_SIGN_STYLE = Automatic;
				DEVELOPMENT_ASSET_PATHS = "\"CoVoD/Preview Content\"";
				DEVELOPMENT_TEAM = SS8V8UGLY8;
				ENABLE_PREVIEWS = YES;
				INFOPLIST_FILE = CoVoD/Info.plist;
				LD_RUNPATH_SEARCH_PATHS = (
					"$(inherited)",
					"@executable_path/Frameworks",
				);
				PRODUCT_BUNDLE_IDENTIFIER = fwcd.CoVoD;
				PRODUCT_NAME = "$(TARGET_NAME)";
				SWIFT_VERSION = 5.0;
				TARGETED_DEVICE_FAMILY = "1,2";
			};
			name = Debug;
		};
		C7733EEB2426B42E006C863E /* Release */ = {
			isa = XCBuildConfiguration;
			buildSettings = {
				ASSETCATALOG_COMPILER_APPICON_NAME = AppIcon;
				CODE_SIGN_STYLE = Automatic;
				DEVELOPMENT_ASSET_PATHS = "\"CoVoD/Preview Content\"";
				DEVELOPMENT_TEAM = SS8V8UGLY8;
				ENABLE_PREVIEWS = YES;
				INFOPLIST_FILE = CoVoD/Info.plist;
				LD_RUNPATH_SEARCH_PATHS = (
					"$(inherited)",
					"@executable_path/Frameworks",
				);
				PRODUCT_BUNDLE_IDENTIFIER = fwcd.CoVoD;
				PRODUCT_NAME = "$(TARGET_NAME)";
				SWIFT_VERSION = 5.0;
				TARGETED_DEVICE_FAMILY = "1,2";
			};
			name = Release;
		};
		C7733EED2426B42E006C863E /* Debug */ = {
			isa = XCBuildConfiguration;
			buildSettings = {
				ALWAYS_EMBED_SWIFT_STANDARD_LIBRARIES = YES;
				BUNDLE_LOADER = "$(TEST_HOST)";
				CODE_SIGN_STYLE = Automatic;
				DEVELOPMENT_TEAM = SS8V8UGLY8;
				INFOPLIST_FILE = CoVoDTests/Info.plist;
				IPHONEOS_DEPLOYMENT_TARGET = 13.2;
				LD_RUNPATH_SEARCH_PATHS = (
					"$(inherited)",
					"@executable_path/Frameworks",
					"@loader_path/Frameworks",
				);
				PRODUCT_BUNDLE_IDENTIFIER = fwcd.CoVoDTests;
				PRODUCT_NAME = "$(TARGET_NAME)";
				SWIFT_VERSION = 5.0;
				TARGETED_DEVICE_FAMILY = "1,2";
				TEST_HOST = "$(BUILT_PRODUCTS_DIR)/CoVoD.app/CoVoD";
			};
			name = Debug;
		};
		C7733EEE2426B42E006C863E /* Release */ = {
			isa = XCBuildConfiguration;
			buildSettings = {
				ALWAYS_EMBED_SWIFT_STANDARD_LIBRARIES = YES;
				BUNDLE_LOADER = "$(TEST_HOST)";
				CODE_SIGN_STYLE = Automatic;
				DEVELOPMENT_TEAM = SS8V8UGLY8;
				INFOPLIST_FILE = CoVoDTests/Info.plist;
				IPHONEOS_DEPLOYMENT_TARGET = 13.2;
				LD_RUNPATH_SEARCH_PATHS = (
					"$(inherited)",
					"@executable_path/Frameworks",
					"@loader_path/Frameworks",
				);
				PRODUCT_BUNDLE_IDENTIFIER = fwcd.CoVoDTests;
				PRODUCT_NAME = "$(TARGET_NAME)";
				SWIFT_VERSION = 5.0;
				TARGETED_DEVICE_FAMILY = "1,2";
				TEST_HOST = "$(BUILT_PRODUCTS_DIR)/CoVoD.app/CoVoD";
			};
			name = Release;
		};
		C7733EF02426B42E006C863E /* Debug */ = {
			isa = XCBuildConfiguration;
			buildSettings = {
				ALWAYS_EMBED_SWIFT_STANDARD_LIBRARIES = YES;
				CODE_SIGN_STYLE = Automatic;
				DEVELOPMENT_TEAM = SS8V8UGLY8;
				INFOPLIST_FILE = CoVoDUITests/Info.plist;
				LD_RUNPATH_SEARCH_PATHS = (
					"$(inherited)",
					"@executable_path/Frameworks",
					"@loader_path/Frameworks",
				);
				PRODUCT_BUNDLE_IDENTIFIER = fwcd.CoVoDUITests;
				PRODUCT_NAME = "$(TARGET_NAME)";
				SWIFT_VERSION = 5.0;
				TARGETED_DEVICE_FAMILY = "1,2";
				TEST_TARGET_NAME = CoVoD;
			};
			name = Debug;
		};
		C7733EF12426B42E006C863E /* Release */ = {
			isa = XCBuildConfiguration;
			buildSettings = {
				ALWAYS_EMBED_SWIFT_STANDARD_LIBRARIES = YES;
				CODE_SIGN_STYLE = Automatic;
				DEVELOPMENT_TEAM = SS8V8UGLY8;
				INFOPLIST_FILE = CoVoDUITests/Info.plist;
				LD_RUNPATH_SEARCH_PATHS = (
					"$(inherited)",
					"@executable_path/Frameworks",
					"@loader_path/Frameworks",
				);
				PRODUCT_BUNDLE_IDENTIFIER = fwcd.CoVoDUITests;
				PRODUCT_NAME = "$(TARGET_NAME)";
				SWIFT_VERSION = 5.0;
				TARGETED_DEVICE_FAMILY = "1,2";
				TEST_TARGET_NAME = CoVoD;
			};
			name = Release;
		};
/* End XCBuildConfiguration section */

/* Begin XCConfigurationList section */
		C7733EBA2426B427006C863E /* Build configuration list for PBXProject "CoVoD" */ = {
			isa = XCConfigurationList;
			buildConfigurations = (
				C7733EE72426B42E006C863E /* Debug */,
				C7733EE82426B42E006C863E /* Release */,
			);
			defaultConfigurationIsVisible = 0;
			defaultConfigurationName = Release;
		};
		C7733EE92426B42E006C863E /* Build configuration list for PBXNativeTarget "CoVoD" */ = {
			isa = XCConfigurationList;
			buildConfigurations = (
				C7733EEA2426B42E006C863E /* Debug */,
				C7733EEB2426B42E006C863E /* Release */,
			);
			defaultConfigurationIsVisible = 0;
			defaultConfigurationName = Release;
		};
		C7733EEC2426B42E006C863E /* Build configuration list for PBXNativeTarget "CoVoDTests" */ = {
			isa = XCConfigurationList;
			buildConfigurations = (
				C7733EED2426B42E006C863E /* Debug */,
				C7733EEE2426B42E006C863E /* Release */,
			);
			defaultConfigurationIsVisible = 0;
			defaultConfigurationName = Release;
		};
		C7733EEF2426B42E006C863E /* Build configuration list for PBXNativeTarget "CoVoDUITests" */ = {
			isa = XCConfigurationList;
			buildConfigurations = (
				C7733EF02426B42E006C863E /* Debug */,
				C7733EF12426B42E006C863E /* Release */,
			);
			defaultConfigurationIsVisible = 0;
			defaultConfigurationName = Release;
		};
/* End XCConfigurationList section */
	};
	rootObject = C7733EB72426B427006C863E /* Project object */;
}
